
Microsoft Visual Studio Solution File, Format Version 12.00
# Visual Studio Version 16
VisualStudioVersion = 16.0.30114.105
MinimumVisualStudioVersion = 10.0.40219.1
Project("{FAE04EC0-301F-11D3-BF4B-00C04F79EFBC}") = "GameTOP", "GameTOP\GameTOP.csproj", "{360E7303-9341-483C-BB20-FD1A610E3591}"
EndProject
Project("{FAE04EC0-301F-11D3-BF4B-00C04F79EFBC}") = "GameTOP.Lib", "GameTOP.Lib\GameTOP.Lib.csproj", "{C34775A7-E72B-461F-A222-B62AEA636806}"
EndProject
Project("{FAE04EC0-301F-11D3-BF4B-00C04F79EFBC}") = "GameTOP.Interface", "GameTOP.Interface\GameTOP.Interface.csproj", "{1757FDC8-636B-4707-B6D5-7BD56A2DF3DB}"
EndProject
Global
	GlobalSection(SolutionConfigurationPlatforms) = preSolution
		Debug|Any CPU = Debug|Any CPU
		Debug|x64 = Debug|x64
		Debug|x86 = Debug|x86
		Release|Any CPU = Release|Any CPU
		Release|x64 = Release|x64
		Release|x86 = Release|x86
	EndGlobalSection
	GlobalSection(SolutionProperties) = preSolution
		HideSolutionNode = FALSE
	EndGlobalSection
	GlobalSection(ProjectConfigurationPlatforms) = postSolution
		{360E7303-9341-483C-BB20-FD1A610E3591}.Debug|Any CPU.ActiveCfg = Debug|Any CPU
		{360E7303-9341-483C-BB20-FD1A610E3591}.Debug|Any CPU.Build.0 = Debug|Any CPU
		{360E7303-9341-483C-BB20-FD1A610E3591}.Debug|x64.ActiveCfg = Debug|Any CPU
		{360E7303-9341-483C-BB20-FD1A610E3591}.Debug|x64.Build.0 = Debug|Any CPU
		{360E7303-9341-483C-BB20-FD1A610E3591}.Debug|x86.ActiveCfg = Debug|Any CPU
		{360E7303-9341-483C-BB20-FD1A610E3591}.Debug|x86.Build.0 = Debug|Any CPU
		{360E7303-9341-483C-BB20-FD1A610E3591}.Release|Any CPU.ActiveCfg = Release|Any CPU
		{360E7303-9341-483C-BB20-FD1A610E3591}.Release|Any CPU.Build.0 = Release|Any CPU
		{360E7303-9341-483C-BB20-FD1A610E3591}.Release|x64.ActiveCfg = Release|Any CPU
		{360E7303-9341-483C-BB20-FD1A610E3591}.Release|x64.Build.0 = Release|Any CPU
		{360E7303-9341-483C-BB20-FD1A610E3591}.Release|x86.ActiveCfg = Release|Any CPU
		{360E7303-9341-483C-BB20-FD1A610E3591}.Release|x86.Build.0 = Release|Any CPU
		{C34775A7-E72B-461F-A222-B62AEA636806}.Debug|Any CPU.ActiveCfg = Debug|Any CPU
		{C34775A7-E72B-461F-A222-B62AEA636806}.Debug|Any CPU.Build.0 = Debug|Any CPU
		{C34775A7-E72B-461F-A222-B62AEA636806}.Debug|x64.ActiveCfg = Debug|Any CPU
		{C34775A7-E72B-461F-A222-B62AEA636806}.Debug|x64.Build.0 = Debug|Any CPU
		{C34775A7-E72B-461F-A222-B62AEA636806}.Debug|x86.ActiveCfg = Debug|Any CPU
		{C34775A7-E72B-461F-A222-B62AEA636806}.Debug|x86.Build.0 = Debug|Any CPU
		{C34775A7-E72B-461F-A222-B62AEA636806}.Release|Any CPU.ActiveCfg = Release|Any CPU
		{C34775A7-E72B-461F-A222-B62AEA636806}.Release|Any CPU.Build.0 = Release|Any CPU
		{C34775A7-E72B-461F-A222-B62AEA636806}.Release|x64.ActiveCfg = Release|Any CPU
		{C34775A7-E72B-461F-A222-B62AEA636806}.Release|x64.Build.0 = Release|Any CPU
		{C34775A7-E72B-461F-A222-B62AEA636806}.Release|x86.ActiveCfg = Release|Any CPU
		{C34775A7-E72B-461F-A222-B62AEA636806}.Release|x86.Build.0 = Release|Any CPU
		{1757FDC8-636B-4707-B6D5-7BD56A2DF3DB}.Debug|Any CPU.ActiveCfg = Debug|Any CPU
		{1757FDC8-636B-4707-B6D5-7BD56A2DF3DB}.Debug|Any CPU.Build.0 = Debug|Any CPU
		{1757FDC8-636B-4707-B6D5-7BD56A2DF3DB}.Debug|x64.ActiveCfg = Debug|Any CPU
		{1757FDC8-636B-4707-B6D5-7BD56A2DF3DB}.Debug|x64.Build.0 = Debug|Any CPU
		{1757FDC8-636B-4707-B6D5-7BD56A2DF3DB}.Debug|x86.ActiveCfg = Debug|Any CPU
		{1757FDC8-636B-4707-B6D5-7BD56A2DF3DB}.Debug|x86.Build.0 = Debug|Any CPU
		{1757FDC8-636B-4707-B6D5-7BD56A2DF3DB}.Release|Any CPU.ActiveCfg = Release|Any CPU
		{1757FDC8-636B-4707-B6D5-7BD56A2DF3DB}.Release|Any CPU.Build.0 = Release|Any CPU
		{1757FDC8-636B-4707-B6D5-7BD56A2DF3DB}.Release|x64.ActiveCfg = Release|Any CPU
		{1757FDC8-636B-4707-B6D5-7BD56A2DF3DB}.Release|x64.Build.0 = Release|Any CPU
		{1757FDC8-636B-4707-B6D5-7BD56A2DF3DB}.Release|x86.ActiveCfg = Release|Any CPU
		{1757FDC8-636B-4707-B6D5-7BD56A2DF3DB}.Release|x86.Build.0 = Release|Any CPU
	EndGlobalSection
EndGlobal
